
Microsoft Visual Studio Solution File, Format Version 12.00
# Visual Studio Version 16
VisualStudioVersion = 16.0.30002.166
MinimumVisualStudioVersion = 10.0.40219.1
Project("{FAE04EC0-301F-11D3-BF4B-00C04F79EFBC}") = "tp1_servicos", "tp1_servicos.csproj", "{8C19AC1B-DD40-44B1-AD01-2C7DE53DC843}"
EndProject
Global
	GlobalSection(SolutionConfigurationPlatforms) = preSolution
		Debug|Any CPU = Debug|Any CPU
		Release|Any CPU = Release|Any CPU
	EndGlobalSection
	GlobalSection(ProjectConfigurationPlatforms) = postSolution
		{8C19AC1B-DD40-44B1-AD01-2C7DE53DC843}.Debug|Any CPU.ActiveCfg = Debug|Any CPU
		{8C19AC1B-DD40-44B1-AD01-2C7DE53DC843}.Debug|Any CPU.Build.0 = Debug|Any CPU
		{8C19AC1B-DD40-44B1-AD01-2C7DE53DC843}.Release|Any CPU.ActiveCfg = Release|Any CPU
		{8C19AC1B-DD40-44B1-AD01-2C7DE53DC843}.Release|Any CPU.Build.0 = Release|Any CPU
	EndGlobalSection
	GlobalSection(SolutionProperties) = preSolution
		HideSolutionNode = FALSE
	EndGlobalSection
	GlobalSection(ExtensibilityGlobals) = postSolution
		SolutionGuid = {29D1D913-BE58-44E4-95C4-C5174B797528}
	EndGlobalSection
EndGlobal
